Microsoft Visual Studio Solution File, Format Version 11.00
# Visual Studio 2008

Project("{949359F8-3F44-4212-512F-DCD7A63C76A3}") = "UnityTeach", "Assembly-CSharp.csproj", "{6B722C1C-44FF-09C1-6E12-166F0DCFAAB9}"
EndProject
Global
	GlobalSection(SolutionConfigurationPlatforms) = preSolution
		Debug|Any CPU = Debug|Any CPU
		Release|Any CPU = Release|Any CPU
	EndGlobalSection
	GlobalSection(ProjectConfigurationPlatforms) = postSolution
		{6B722C1C-44FF-09C1-6E12-166F0DCFAAB9}.Debug|Any CPU.ActiveCfg = Debug|Any CPU
		{6B722C1C-44FF-09C1-6E12-166F0DCFAAB9}.Debug|Any CPU.Build.0 = Debug|Any CPU
		{6B722C1C-44FF-09C1-6E12-166F0DCFAAB9}.Release|Any CPU.ActiveCfg = Release|Any CPU
		{6B722C1C-44FF-09C1-6E12-166F0DCFAAB9}.Release|Any CPU.Build.0 = Release|Any CPU
	EndGlobalSection
	GlobalSection(SolutionProperties) = preSolution
		HideSolutionNode = FALSE
	EndGlobalSection
	GlobalSection(MonoDevelopProperties) = preSolution
		StartupItem = Assembly-CSharp.csproj
	EndGlobalSection
EndGlobal
